
Microsoft Visual Studio Solution File, Format Version 12.00
# Visual Studio 15
VisualStudioVersion = 15.0.28010.0
MinimumVisualStudioVersion = 10.0.40219.1
Project("{FAE04EC0-301F-11D3-BF4B-00C04F79EFBC}") = "DynamicListExample", "DynamicListExample\DynamicListExample.csproj", "{C86C5286-527D-41B1-A0DD-A4B8ED6C70B8}"
EndProject
Global
	GlobalSection(SolutionConfigurationPlatforms) = preSolution
		Debug|Any CPU = Debug|Any CPU
		Release|Any CPU = Release|Any CPU
	EndGlobalSection
	GlobalSection(ProjectConfigurationPlatforms) = postSolution
		{C86C5286-527D-41B1-A0DD-A4B8ED6C70B8}.Debug|Any CPU.ActiveCfg = Debug|Any CPU
		{C86C5286-527D-41B1-A0DD-A4B8ED6C70B8}.Debug|Any CPU.Build.0 = Debug|Any CPU
		{C86C5286-527D-41B1-A0DD-A4B8ED6C70B8}.Release|Any CPU.ActiveCfg = Release|Any CPU
		{C86C5286-527D-41B1-A0DD-A4B8ED6C70B8}.Release|Any CPU.Build.0 = Release|Any CPU
	EndGlobalSection
	GlobalSection(SolutionProperties) = preSolution
		HideSolutionNode = FALSE
	EndGlobalSection
	GlobalSection(ExtensibilityGlobals) = postSolution
		SolutionGuid = {61DF3DAD-2B2A-4840-9890-E8B45A3ACD82}
	EndGlobalSection
EndGlobal
